
Microsoft Visual Studio Solution File, Format Version 12.00
# Visual Studio Version 16
VisualStudioVersion = 16.0.30104.148
MinimumVisualStudioVersion = 10.0.40219.1
Project("{FAE04EC0-301F-11D3-BF4B-00C04F79EFBC}") = "GoL.Interface", "GoL.Interface\GoL.Interface.csproj", "{E2A207F5-4762-4C98-9984-920733643043}"
EndProject
Project("{FAE04EC0-301F-11D3-BF4B-00C04F79EFBC}") = "GoL.Game", "GoL.Game\GoL.Game.csproj", "{B75FE206-5ED6-47E2-B910-4ABB8A6BB554}"
EndProject
Global
	GlobalSection(SolutionConfigurationPlatforms) = preSolution
		Debug|Any CPU = Debug|Any CPU
		Release|Any CPU = Release|Any CPU
	EndGlobalSection
	GlobalSection(ProjectConfigurationPlatforms) = postSolution
		{E2A207F5-4762-4C98-9984-920733643043}.Debug|Any CPU.ActiveCfg = Debug|Any CPU
		{E2A207F5-4762-4C98-9984-920733643043}.Debug|Any CPU.Build.0 = Debug|Any CPU
		{E2A207F5-4762-4C98-9984-920733643043}.Release|Any CPU.ActiveCfg = Release|Any CPU
		{E2A207F5-4762-4C98-9984-920733643043}.Release|Any CPU.Build.0 = Release|Any CPU
		{B75FE206-5ED6-47E2-B910-4ABB8A6BB554}.Debug|Any CPU.ActiveCfg = Debug|Any CPU
		{B75FE206-5ED6-47E2-B910-4ABB8A6BB554}.Debug|Any CPU.Build.0 = Debug|Any CPU
		{B75FE206-5ED6-47E2-B910-4ABB8A6BB554}.Release|Any CPU.ActiveCfg = Release|Any CPU
		{B75FE206-5ED6-47E2-B910-4ABB8A6BB554}.Release|Any CPU.Build.0 = Release|Any CPU
	EndGlobalSection
	GlobalSection(SolutionProperties) = preSolution
		HideSolutionNode = FALSE
	EndGlobalSection
	GlobalSection(ExtensibilityGlobals) = postSolution
		SolutionGuid = {6FD8367C-8EA9-4595-9047-996DD46E91DD}
	EndGlobalSection
EndGlobal
